schema: '2.0'
stages:
  data_cleaning:
    cmd: python src/data/data_cleaning.py
    deps:
    - path: data/raw/swiggy.csv
      hash: md5
      md5: 0b050b37dfe6cfbfaa18d7cb4e454377
      size: 7772212
    - path: src/data/data_cleaning.py
      hash: md5
      md5: f5ad421aafd57c91a1366fef5b226570
      size: 9519
    outs:
    - path: data/cleaned/swiggy_cleaned.csv
      hash: md5
      md5: 4918716e52fc57babdcd400dfb3c3f29
      size: 4508527
  data_preparation:
    cmd: python src/data/data_preparation.py
    deps:
    - path: data/cleaned/swiggy_cleaned.csv
      hash: md5
      md5: 4918716e52fc57babdcd400dfb3c3f29
      size: 4508527
    - path: src/data/data_preparation.py
      hash: md5
      md5: 3e2a96e903923880992e6268edefca49
      size: 3007
    params:
      params.yaml:
        Data_Preparation.random_state: 13
        Data_Preparation.test_size: 0.2
    outs:
    - path: data/interim/test.csv
      hash: md5
      md5: 7b10f7cfb1886c573c6621af6f7e198e
      size: 900304
    - path: data/interim/train.csv
      hash: md5
      md5: 9914ca8a9f7cc9a97da32037506f300c
      size: 3605265
  data_preprocessing:
    cmd: python src/features/data_preprocessing.py
    deps:
    - path: data/interim/test.csv
      hash: md5
      md5: 7b10f7cfb1886c573c6621af6f7e198e
      size: 900304
    - path: data/interim/train.csv
      hash: md5
      md5: 9914ca8a9f7cc9a97da32037506f300c
      size: 3605265
    - path: src/features/data_preprocessing.py
      hash: md5
      md5: 3436c2c396072de890d4914676b5bfba
      size: 6949
    outs:
    - path: data/processed/test_trans.csv
      hash: md5
      md5: 791ecbd42c5f0d8f9e37b1962008caf0
      size: 1076238
    - path: data/processed/train_trans.csv
      hash: md5
      md5: 4f71c4275e0a97d022d489a09872a7b2
      size: 4342495
    - path: models/preprocessor.joblib
      hash: md5
      md5: 764df5b96c54089344498e12d2823e6b
      size: 8401
  train:
    cmd: python src/models/train.py
    deps:
    - path: data/processed/train_trans.csv
      hash: md5
      md5: 4f71c4275e0a97d022d489a09872a7b2
      size: 4342495
    - path: src/models/train.py
      hash: md5
      md5: b7b69ed8e77672b21bfffc93336aa161
      size: 4910
    params:
      params.yaml:
        Train.LightGBM:
          n_estimators: 96
          max_depth: 27
          learning_rate: 0.23713967967614558
          subsample: 0.9298857508586896
          min_child_weight: 13
          min_split_gain: 0.011156224241214138
          reg_lambda: 26.097675682171626
          n_jobs: -1
        Train.Random_Forest:
          n_estimators: 127
          criterion: squared_error
          max_depth: 28
          max_features: 1
          min_samples_split: 10
          min_samples_leaf: 2
          max_samples: 0.5969118095092534
          verbose: 1
          n_jobs: -1
    outs:
    - path: models/model.joblib
      hash: md5
      md5: 79b1f558327dd616962b1e3eaad64694
      size: 39680040
    - path: models/power_transformer.joblib
      hash: md5
      md5: 37192d2e5b49885866efba2cd45ddbac
      size: 837
    - path: models/stacking_regressor.joblib
      hash: md5
      md5: 6b4adcc0df009ddcf452981d0eccea91
      size: 39674122
  evaluation:
    cmd: python src/models/evaluation.py
    deps:
    - path: data/processed/test_trans.csv
      hash: md5
      md5: 791ecbd42c5f0d8f9e37b1962008caf0
      size: 1076238
    - path: data/processed/train_trans.csv
      hash: md5
      md5: 4f71c4275e0a97d022d489a09872a7b2
      size: 4342495
    - path: models/model.joblib
      hash: md5
      md5: 79b1f558327dd616962b1e3eaad64694
      size: 39680040
    - path: src/models/evaluation.py
      hash: md5
      md5: c37fa412f5431876fc3104ec2841b009
      size: 6077
    outs:
    - path: run_information.json
      hash: md5
      md5: ab33aa367b65eefdb26a982231afbfbf
      size: 220
  register_model:
    cmd: python src/models/register_model.py
    deps:
    - path: run_information.json
      hash: md5
      md5: ab33aa367b65eefdb26a982231afbfbf
      size: 220
    - path: src/models/register_model.py
      hash: md5
      md5: 75e0c87e249ce94bd5b97fa089cd7446
      size: 2198
